
Microsoft Visual Studio Solution File, Format Version 12.00
# Visual Studio Version 16
VisualStudioVersion = 16.0.31205.134
MinimumVisualStudioVersion = 10.0.40219.1
Project("{9A19103F-16F7-4668-BE54-9A1E7A4F7556}") = "HomeWorkNumberTen", "HomeWorkNumberTen\HomeWorkNumberTen.csproj", "{F794541C-AC4E-43AD-A580-64BA6A75E999}"
EndProject
Global
	GlobalSection(SolutionConfigurationPlatforms) = preSolution
		Debug|Any CPU = Debug|Any CPU
		Release|Any CPU = Release|Any CPU
	EndGlobalSection
	GlobalSection(ProjectConfigurationPlatforms) = postSolution
		{F794541C-AC4E-43AD-A580-64BA6A75E999}.Debug|Any CPU.ActiveCfg = Debug|Any CPU
		{F794541C-AC4E-43AD-A580-64BA6A75E999}.Debug|Any CPU.Build.0 = Debug|Any CPU
		{F794541C-AC4E-43AD-A580-64BA6A75E999}.Release|Any CPU.ActiveCfg = Release|Any CPU
		{F794541C-AC4E-43AD-A580-64BA6A75E999}.Release|Any CPU.Build.0 = Release|Any CPU
	EndGlobalSection
	GlobalSection(SolutionProperties) = preSolution
		HideSolutionNode = FALSE
	EndGlobalSection
	GlobalSection(ExtensibilityGlobals) = postSolution
		SolutionGuid = {550F6032-08DD-4057-AA67-EC14FC186396}
	EndGlobalSection
EndGlobal
